
Microsoft Visual Studio Solution File, Format Version 12.00
# Visual Studio Version 16
VisualStudioVersion = 16.0.31321.278
MinimumVisualStudioVersion = 10.0.40219.1
Project("{FAE04EC0-301F-11D3-BF4B-00C04F79EFBC}") = "WpfApp6", "WpfApp6.csproj", "{14AD288B-A25E-4E1F-9C7F-22FEBFE82B48}"
EndProject
Project("{FAE04EC0-301F-11D3-BF4B-00C04F79EFBC}") = "ClassLibrary1", "..\ClassLibrary1\ClassLibrary1.csproj", "{ECDDAF03-BE7D-48E8-AFF5-83A357704616}"
EndProject
Global
	GlobalSection(SolutionConfigurationPlatforms) = preSolution
		Debug|Any CPU = Debug|Any CPU
		Release|Any CPU = Release|Any CPU
	EndGlobalSection
	GlobalSection(ProjectConfigurationPlatforms) = postSolution
		{14AD288B-A25E-4E1F-9C7F-22FEBFE82B48}.Debug|Any CPU.ActiveCfg = Debug|Any CPU
		{14AD288B-A25E-4E1F-9C7F-22FEBFE82B48}.Debug|Any CPU.Build.0 = Debug|Any CPU
		{14AD288B-A25E-4E1F-9C7F-22FEBFE82B48}.Release|Any CPU.ActiveCfg = Release|Any CPU
		{14AD288B-A25E-4E1F-9C7F-22FEBFE82B48}.Release|Any CPU.Build.0 = Release|Any CPU
		{ECDDAF03-BE7D-48E8-AFF5-83A357704616}.Debug|Any CPU.ActiveCfg = Debug|Any CPU
		{ECDDAF03-BE7D-48E8-AFF5-83A357704616}.Debug|Any CPU.Build.0 = Debug|Any CPU
		{ECDDAF03-BE7D-48E8-AFF5-83A357704616}.Release|Any CPU.ActiveCfg = Release|Any CPU
		{ECDDAF03-BE7D-48E8-AFF5-83A357704616}.Release|Any CPU.Build.0 = Release|Any CPU
	EndGlobalSection
	GlobalSection(SolutionProperties) = preSolution
		HideSolutionNode = FALSE
	EndGlobalSection
	GlobalSection(ExtensibilityGlobals) = postSolution
		SolutionGuid = {40C4854A-15F7-4E65-A7FF-1BB7514ACFA9}
	EndGlobalSection
EndGlobal
